version = 1
revision = 3
requires-python = ">=3.13"

[[package]]
name = "annotated-doc"
version = "0.0.5"
source = { registry = "https://pypi.org/simple" }
sdist = { url = "https://files.pythonhosted.org/packages/5a/8e/38aa427ed5402449e226975b649c5dc73ccadfefeb95e6aecb8f8ea4b6b6/annotated_doc-0.0.5.tar.gz", hash = "sha256:c7e58ce09192557605d8bbd92836d7e1d520ac9580096042c0bfd197efacf1bb", size = 10758, upload-time = "2026-07-28T13:50:58.129Z" }
wheels = [
    { url = "https://files.pythonhosted.org/packages/3e/30/e900b21425a860e195f32e37657aa1f7c7f2b1bfb26f03ca209b90933c06/annotated_doc-0.0.5-py3-none-any.whl", hash = "sha256:117bac03a25ede5df5440e855b32d556049ca169ead221505badf432fed4b101", size = 5302, upload-time = "2026-07-28T13:50:57.239Z" },
]

[[package]]
name = "anyio"
version = "4.14.2"
source = { registry = "https://pypi.org/simple" }
dependencies = [
    { name = "idna" },
]
sdist = { url = "https://files.pythonhosted.org/packages/61/cc/a381afa6efea9f496eff839d4a6a1aed3bfafc7b3ab4b0d1b243a12573dd/anyio-4.14.2.tar.gz", hash = "sha256:cfa139f3ed1a23ee8f88a145ddb5ac7605b8bbfd8592baacd7ce3d8bb4313c7f", size = 260176, upload-time = "2026-07-12T20:29:07.082Z" }
wheels = [
    { url = "https://files.pythonhosted.org/packages/da/35/f2287558c17e29fafc8ef3daf819bb9834061cfa43bff8014f7df7f63bdc/anyio-4.14.2-py3-none-any.whl", hash = "sha256:9f505dda5ac9f0c8309b5e8bd445a8c2bf7246f3ce950121e45ea15bc41d1494", size = 125813, upload-time = "2026-07-12T20:29:05.763Z" },
]

[[package]]
name = "anysqlite"
version = "0.0.5"
source = { registry = "https://pypi.org/simple" }
dependencies = [
    { name = "anyio" },
]
sdist = { url = "https://files.pythonhosted.org/packages/0f/4b/cd5d66b9f87e773bc71344a368b9472987e33514e6627e28342b9c3e7c43/anysqlite-0.0.5.tar.gz", hash = "sha256:9dfcf87baf6b93426ad1d9118088c41dbf24ef01b445eea4a5d486bac2755cce", size = 3432, upload-time = "2023-10-02T13:49:25.135Z" }
wheels = [
    { url = "https://files.pythonhosted.org/packages/0b/31/349eae2bc9d9331dd8951684cf94528d91efaa71129dc30822ac111dfc66/anysqlite-0.0.5-py3-none-any.whl", hash = "sha256:cb345dc4f76f6b37f768d7a0b3e9cf5c700dfcb7a6356af8ab46a11f666edbe7", size = 3907, upload-time = "2023-10-02T13:49:26.943Z" },
]

[[package]]
name = "certifi"
version = "2026.7.22"
source = { registry = "https://pypi.org/simple" }
sdist = { url = "https://files.pythonhosted.org/packages/a3/c2/24167ea9858356b47a87a50d39908bfdb72ceeefe0041586e704e5376b3a/certifi-2026.7.22.tar.gz", hash = "sha256:741e2c3b351ddf169a738da9f2c048608ff7f2c5cc02f1ebc6b118bb090d5d55", size = 138112, upload-time = "2026-07-22T03:35:12.644Z" }
wheels = [
    { url = "https://files.pythonhosted.org/packages/0b/a7/71ac2cff56fec219ed242bb11b8efb69fcc4bec75db06fb7bfe35de520e6/certifi-2026.7.22-py3-none-any.whl", hash = "sha256:62f22742b58a1a33014a2b6b706588a8d7e2a88ae7bd1a6ebe8c992928483775", size = 136983, upload-time = "2026-07-22T03:35:11.276Z" },
]

[[package]]
name = "colorama"
version = "0.4.6"
source = { registry = "https://pypi.org/simple" }
sdist = { url = "https://files.pythonhosted.org/packages/d8/53/6f443c9a4a8358a93a6792e2acffb9d9d5cb0a5cfd8802644b7b1c9a02e4/colorama-0.4.6.tar.gz", hash = "sha256:08695f5cb7ed6e0531a20572697297273c47b8cae5a63ffc6d6ed5c201be6e44", size = 27697, upload-time = "2022-10-25T02:36:22.414Z" }
wheels = [
    { url = "https://files.pythonhosted.org/packages/d1/d6/3965ed04c63042e047cb6a3e6ed1a63a35087b6a609aa3a15ed8ac56c221/colorama-0.4.6-py2.py3-none-any.whl", hash = "sha256:4f1d9991f5acc0ca119f9d443620b77f9d6b33703e51011c16baf57afb285fc6", size = 25335, upload-time = "2022-10-25T02:36:20.889Z" },
]

[[package]]
name = "dotenv"
version = "0.9.9"
source = { registry = "https://pypi.org/simple" }
dependencies = [
    { name = "python-dotenv" },
]
wheels = [
    { url = "https://files.pythonhosted.org/packages/b2/b7/545d2c10c1fc15e48653c91efde329a790f2eecfbbf2bd16003b5db2bab0/dotenv-0.9.9-py2.py3-none-any.whl", hash = "sha256:29cf74a087b31dafdb5a446b6d7e11cbce8ed2741540e2339c69fbef92c94ce9", size = 1892, upload-time = "2025-02-19T22:15:01.647Z" },
]

[[package]]
name = "h11"
version = "0.16.0"
source = { registry = "https://pypi.org/simple" }
sdist = { url = "https://files.pythonhosted.org/packages/01/ee/02a2c011bdab74c6fb3c75474d40b3052059d95df7e73351460c8588d963/h11-0.16.0.tar.gz", hash = "sha256:4e35b956cf45792e4caa5885e69fba00bdbc6ffafbfa020300e549b208ee5ff1", size = 101250, upload-time = "2025-04-24T03:35:25.427Z" }
wheels = [
    { url = "https://files.pythonhosted.org/packages/04/4b/29cac41a4d98d144bf5f6d33995617b185d14b22401f75ca86f384e87ff1/h11-0.16.0-py3-none-any.whl", hash = "sha256:63cf8bbe7522de3bf65932fda1d9c2772064ffb3dae62d55932da54b31cb6c86", size = 37515, upload-time = "2025-04-24T03:35:24.344Z" },
]

[[package]]
name = "hishel"
version = "1.3.1"
source = { registry = "https://pypi.org/simple" }
dependencies = [
    { name = "msgpack" },
    { name = "typing-extensions" },
]
sdist = { url = "https://files.pythonhosted.org/packages/83/51/1e3b9653283223c56b6d03ef26532efa6dfe6e6859652667c2daac8510f4/hishel-1.3.1.tar.gz", hash = "sha256:0a79c3d9c33b1d79ed4897610d25843ed448d830d5f977c9c629e607ee207fa9", size = 810011, upload-time = "2026-08-10T20:17:04.34Z" }
wheels = [
    { url = "https://files.pythonhosted.org/packages/4a/2a/b1fb43ed799714335ef442dfebb35644aa3678b7a765c99d55d51a3bc011/hishel-1.3.1-py3-none-any.whl", hash = "sha256:59977c1b14615dfdcf52ade530fb50d5a4fc3500f03b7bdbcd3a2564e0558f31", size = 73718, upload-time = "2026-08-10T20:17:02.799Z" },
]

[package.optional-dependencies]
httpx = [
    { name = "anyio" },
    { name = "anysqlite" },
    { name = "httpx" },
]

[[package]]
name = "httpcore"
version = "1.0.9"
source = { registry = "https://pypi.org/simple" }
dependencies = [
    { name = "certifi" },
    { name = "h11" },
]
sdist = { url = "https://files.pythonhosted.org/packages/06/94/82699a10bca87a5556c9c59b5963f2d039dbd239f25bc2a63907a05a14cb/httpcore-1.0.9.tar.gz", hash = "sha256:6e34463af53fd2ab5d807f399a9b45ea31c3dfa2276f15a2c3f00afff6e176e8", size = 85484, upload-time = "2025-04-24T22:06:22.219Z" }
wheels = [
    { url = "https://files.pythonhosted.org/packages/7e/f5/f66802a942d491edb555dd61e3a9961140fd64c90bce1eafd741609d334d/httpcore-1.0.9-py3-none-any.whl", hash = "sha256:2d400746a40668fc9dec9810239072b40b4484b640a8c38fd654a024c7a1bf55", size = 78784, upload-time = "2025-04-24T22:06:20.566Z" },
]

[[package]]
name = "httpx"
version = "0.28.1"
source = { registry = "https://pypi.org/simple" }
dependencies = [
    { name = "anyio" },
    { name = "certifi" },
    { name = "httpcore" },
    { name = "idna" },
]
sdist = { url = "https://files.pythonhosted.org/packages/b1/df/48c586a5fe32a0f01324ee087459e112ebb7224f646c0b5023f5e79e9956/httpx-0.28.1.tar.gz", hash = "sha256:75e98c5f16b0f35b567856f597f06ff2270a374470a5c2392242528e3e3e42fc", size = 141406, upload-time = "2024-12-06T15:37:23.222Z" }
wheels = [
    { url = "https://files.pythonhosted.org/packages/2a/39/e50c7c3a983047577ee07d2a9e53faf5a69493943ec3f6a384bdc792deb2/httpx-0.28.1-py3-none-any.whl", hash = "sha256:d909fcccc110f8c7faf814ca82a9a4d816bc5a6dbfea25d6591d6985b8ba59ad", size = 73517, upload-time = "2024-12-06T15:37:21.509Z" },
]

[[package]]
name = "idna"
version = "3.19"
source = { registry = "https://pypi.org/simple" }
sdist = { url = "https://files.pythonhosted.org/packages/5f/f7/abb373e5757eaec4b922b92f97ec8d6d7e057cf06778247604fbc4e7c3f3/idna-3.19.tar.gz", hash = "sha256:5e0811a4383b21dc5838069f801c4fb62113b7447663d2530d2bd6e77b49bf15", size = 215237, upload-time = "2026-08-18T05:14:24.27Z" }
wheels = [
    { url = "https://files.pythonhosted.org/packages/57/b0/0e52c878c53f245edd3a11020f20979b3f490f245af532c7cae3027754b5/idna-3.19-py3-none-any.whl", hash = "sha256:815e7be7a7806d54abb586dc943addc79e8b2ee16915059658cbeff4b1b43bf4", size = 68550, upload-time = "2026-08-18T05:14:22.343Z" },
]

[[package]]
name = "markdown-it-py"
version = "4.2.0"
source = { registry = "https://pypi.org/simple" }
dependencies = [
    { name = "mdurl" },
]
sdist = { url = "https://files.pythonhosted.org/packages/06/ff/7841249c247aa650a76b9ee4bbaeae59370dc8bfd2f6c01f3630c35eb134/markdown_it_py-4.2.0.tar.gz", hash = "sha256:04a21681d6fbb623de53f6f364d352309d4094dd4194040a10fd51833e418d49", size = 82454, upload-time = "2026-05-07T12:08:28.36Z" }
wheels = [
    { url = "https://files.pythonhosted.org/packages/b3/81/4da04ced5a082363ecfa159c010d200ecbd959ae410c10c0264a38cac0f5/markdown_it_py-4.2.0-py3-none-any.whl", hash = "sha256:9f7ebbcd14fe59494226453aed97c1070d83f8d24b6fc3a3bcf9a38092641c4a", size = 91687, upload-time = "2026-05-07T12:08:27.182Z" },
]

[[package]]
name = "mdurl"
version = "0.1.2"
source = { registry = "https://pypi.org/simple" }
sdist = { url = "https://files.pythonhosted.org/packages/d6/54/cfe61301667036ec958cb99bd3efefba235e65cdeb9c84d24a8293ba1d90/mdurl-0.1.2.tar.gz", hash = "sha256:bb413d29f5eea38f31dd4754dd7377d4465116fb207585f97bf925588687c1ba", size = 8729, upload-time = "2022-08-14T12:40:10.846Z" }
wheels = [
    { url = "https://files.pythonhosted.org/packages/b3/38/89ba8ad64ae25be8de66a6d463314cf1eb366222074cfda9ee839c56a4b4/mdurl-0.1.2-py3-none-any.whl", hash = "sha256:84008a41e51615a49fc9966191ff91509e3c40b939176e643fd50a5c2196b8f8", size = 9979, upload-time = "2022-08-14T12:40:09.779Z" },
]

[[package]]
name = "msgpack"
version = "1.2.2"
source = { registry = "https://pypi.org/simple" }
sdist = { url = "https://files.pythonhosted.org/packages/6d/44/ea2100ec54d30c46ee9dba10a3bfb79b655e96c6df237238a3234c75869b/msgpack-1.2.2.tar.gz", hash = "sha256:9eb0b0e602064527a045ea28c4f174ed69383587e29cebe28947e3b84106eb2a", size = 187025, upload-time = "2026-08-27T10:03:47.793Z" }
wheels = [
    { url = "https://files.pythonhosted.org/packages/1f/eb/42f31c5a48811787ff59a9869721f70a49654d65ab6c455f4463c39b044e/msgpack-1.2.2-cp313-cp313-macosx_10_13_x86_64.whl", hash = "sha256:8b2a281b556f120a43e591ea39915741b7ad54d4727b9c4350a0a11692252533", size = 83911, upload-time = "2026-08-27T10:02:24.06Z" },
    { url = "https://files.pythonhosted.org/packages/33/54/10c6c16ddba8a5112e3680176b838e3694e4aad7284f9daa6d6d70d98817/msgpack-1.2.2-cp313-cp313-macosx_11_0_arm64.whl", hash = "sha256:1e8cdd1f3e7cc52c751092a9bf740e81e6919ab109cd376ae2d965dad0bbae34", size = 83734, upload-time = "2026-08-27T10:02:25.613Z" },
    { url = "https://files.pythonhosted.org/packages/d7/75/35823e4419df8792191b2a17ae3fe71b41d02c162b2c491c94d1a87f0caa/msgpack-1.2.2-cp313-cp313-manylinux2014_aarch64.manylinux_2_17_aarch64.manylinux_2_28_aarch64.whl", hash = "sha256:1814f92306ae7862908e9ece7cfd90e0dc87ded3e89b6ae7ffdd1175d6376fdc", size = 405635, upload-time = "2026-08-27T10:02:27.012Z" },
    { url = "https://files.pythonhosted.org/packages/6e/d3/6592e4064619b04f2dd0054c5fa13e37e3d55eb26044483d871fadb2f46b/msgpack-1.2.2-cp313-cp313-manylinux2014_x86_64.manylinux_2_17_x86_64.manylinux_2_28_x86_64.whl", hash = "sha256:d24b38a825bcca41bb956de50eb98451ef291304a8607fad99e619043d3e79b9", size = 417332, upload-time = "2026-08-27T10:02:28.776Z" },
    { url = "https://files.pythonhosted.org/packages/e3/a1/b21c6818a545e9a4a976ac954a5c250eecde9a02e0ec82f415473dab1324/msgpack-1.2.2-cp313-cp313-manylinux_2_31_riscv64.manylinux_2_39_riscv64.whl", hash = "sha256:34e83e345194a2a51d8bd447dea9de2104f91e75b247f4735f14f04529f0746b", size = 374378, upload-time = "2026-08-27T10:02:30.678Z" },
    { url = "https://files.pythonhosted.org/packages/03/8b/7ada15c7b64151d6dbb562d1b091520efb2c37acf2403b1d4ae13797b27d/msgpack-1.2.2-cp313-cp313-musllinux_1_2_aarch64.whl", hash = "sha256:682804bf31e43d46e51a9a33bd575b51e839d715ce6bd5612c055f7b28ad637b", size = 395809, upload-time = "2026-08-27T10:02:32.322Z" },
    { url = "https://files.pythonhosted.org/packages/bb/f7/96283e50f7020df4dfeacc55612b7a210c8cdf0dda48bc262f1f9b3e4c49/msgpack-1.2.2-cp313-cp313-musllinux_1_2_riscv64.whl", hash = "sha256:9b659d77f8726fa5e7038967dda6b68d53cf34472c094cfa5b845454713b90d5", size = 373495, upload-time = "2026-08-27T10:02:33.832Z" },
    { url = "https://files.pythonhosted.org/packages/cc/fe/1548dede9d9ca482f2d424a2e110a9705d4e02627a16b8bc8d10ce0208a2/msgpack-1.2.2-cp313-cp313-musllinux_1_2_x86_64.whl", hash = "sha256:4d9a562aec0a92fe536da2e533d313b3d2a6b929157b1dec7ff623446dc0a8ab", size = 414360, upload-time = "2026-08-27T10:02:35.396Z" },
    { url = "https://files.pythonhosted.org/packages/77/9d/4419b8f86c219174b1fb8bbd7faaf84a548935f7b1916d028401b9433417/msgpack-1.2.2-cp313-cp313-win32.whl", hash = "sha256:a4161eee7799863aee237c35c90427861f7b994416dd81ae829f560b0a81bdcd", size = 65196, upload-time = "2026-08-27T10:02:37.007Z" },
    { url = "https://files.pythonhosted.org/packages/3c/f8/593f5caf0dacab41cde1564c5f0419e61af55ec9628006205e8fd5eb5e03/msgpack-1.2.2-cp313-cp313-win_amd64.whl", hash = "sha256:b07c03f0da7e5279170df7745ddc732d526c8a198208936ec1a95c11ed2b2d5f", size = 72203, upload-time = "2026-08-27T10:02:38.28Z" },
    { url = "https://files.pythonhosted.org/packages/bc/9e/c6ef92046b4a2bbb9d3aa0cb581cbf4a4051afccf6e5fb301a1bd3086f39/msgpack-1.2.2-cp313-cp313-win_arm64.whl", hash = "sha256:d13d07efbf655f9ae7a2352b630c52727b359005b21ba08a507585c9ac8c0896", size = 65435, upload-time = "2026-08-27T10:02:39.534Z" },
    { url = "https://files.pythonhosted.org/packages/5e/50/3e92c403346652cabd08cb8faceef847bae917ea3b3c81b64a5b6d09ed41/msgpack-1.2.2-cp314-cp314-macosx_10_15_x86_64.whl", hash = "sha256:e497ee34e8a3342bbde51b27c22d8db05a651df3361dd3daef5b3ab0d66f3e04", size = 84315, upload-time = "2026-08-27T10:02:41.181Z" },
    { url = "https://files.pythonhosted.org/packages/b6/dc/8efe6dd96a12ab043930cb4cffb40b6e7f061491d6ec7a3d2b75ef1fda42/msgpack-1.2.2-cp314-cp314-macosx_11_0_arm64.whl", hash = "sha256:0dd9173c5ebaf5ecc5ca86e7ae1db92934e1d57b856f3dd90698941431f4fd77", size = 84634, upload-time = "2026-08-27T10:02:42.621Z" },
    { url = "https://files.pythonhosted.org/packages/1b/89/996573095bf7b038c04dd65ddbc4f1a4d381b0f7a44ff9186f3c7b8325c2/msgpack-1.2.2-cp314-cp314-manylinux2014_aarch64.manylinux_2_17_aarch64.manylinux_2_28_aarch64.whl", hash = "sha256:8dc4487097571f7311188c3eca2a3e86cd1f1db4c37c7a017bcc3fd38486cbfe", size = 404194, upload-time = "2026-08-27T10:02:44.096Z" },
    { url = "https://files.pythonhosted.org/packages/b6/4e/46f5a5d949dbd054dab60cb15aac7ac6ae6774c134532893414689bf2f53/msgpack-1.2.2-cp314-cp314-manylinux2014_x86_64.manylinux_2_17_x86_64.manylinux_2_28_x86_64.whl", hash = "sha256:73b0e05c32c3cfc3cd84994908e57430c0ebc6813abf905d3f18ff115d54df3f", size = 412343, upload-time = "2026-08-27T10:02:45.747Z" },
    { url = "https://files.pythonhosted.org/packages/da/e8/739a94197358a313307e6e9e7d8d22ef66add39222de911a44161aa96920/msgpack-1.2.2-cp314-cp314-manylinux_2_31_riscv64.manylinux_2_39_riscv64.whl", hash = "sha256:aa1120c653b76d8eafa50423b5eba06b5c9737f8692c74fa3afe03e84b8978ea", size = 372620, upload-time = "2026-08-27T10:02:47.578Z" },
    { url = "https://files.pythonhosted.org/packages/03/d4/09b92e1fcdccea9466bfae45455367ac52362ae445d96a602e51b7a8df73/msgpack-1.2.2-cp314-cp314-musllinux_1_2_aarch64.whl", hash = "sha256:ccfd880988f8438d1c91c77d7edc58e70f4d2012e999167bc154c64c6f06ea6b", size = 394603, upload-time = "2026-08-27T10:02:49.172Z" },
    { url = "https://files.pythonhosted.org/packages/47/db/d11bd6f258a60703dcdc7a3772818ad0c2f602ee4c2acfb24088c6c3ebc3/msgpack-1.2.2-cp314-cp314-musllinux_1_2_riscv64.whl", hash = "sha256:6195257a107bf25872ef84aab7295078271eea3ac6413f0506b631f6c9586ed5", size = 372666, upload-time = "2026-08-27T10:02:50.886Z" },
    { url = "https://files.pythonhosted.org/packages/71/cf/fbbbac0c6e5fbb9d51abc23e3b5fe8620f5c01e0588797cf664a623bb9e1/msgpack-1.2.2-cp314-cp314-musllinux_1_2_x86_64.whl", hash = "sha256:b8dd6c71d20c28d2d0eb0c51e7cccf3584afde3b1364f6629596186c9025bd54", size = 410889, upload-time = "2026-08-27T10:02:52.51Z" },
    { url = "https://files.pythonhosted.org/packages/94/60/8366558da954095e04e7fbc351f9387d87a682feaee9a235ceda966f794b/msgpack-1.2.2-cp314-cp314-win32.whl", hash = "sha256:d242f3c4ccf55b056e6cf901720dccde58f1df117898f2bbf3bcd6e38ec7c248", size = 66774, upload-time = "2026-08-27T10:02:53.984Z" },
    { url = "https://files.pythonhosted.org/packages/4b/3d/1ce873c8057c65e4fbb076ffe1c99c9ae39d90a00a2540d7b06c652a292f/msgpack-1.2.2-cp314-cp314-win_amd64.whl", hash = "sha256:1510f24612d4b983dff6935d9273e02c320cfd525727fbcb58836a75f589fdbc", size = 73424, upload-time = "2026-08-27T10:02:55.277Z" },
    { url = "https://files.pythonhosted.org/packages/d5/55/e36f2a33e38657f33850d74e0bf256838a0d45802c298cc501a32bffcc08/msgpack-1.2.2-cp314-cp314-win_arm64.whl", hash = "sha256:7826f16edc763e768404f55605ef85dfcf5857e729c1ed29e0d7c180be4fe6d8", size = 67657, upload-time = "2026-08-27T10:02:56.493Z" },
    { url = "https://files.pythonhosted.org/packages/64/58/7e764b957bae80ae281a9cb28761068c8bae8d5c6ac0873e43cc69d176c7/msgpack-1.2.2-cp314-cp314t-macosx_10_15_x86_64.whl", hash = "sha256:f466049b8e1ec0854287bbe9a074316826fe0e08dcf707245f98b1ae49e92650", size = 86594, upload-time = "2026-08-27T10:02:57.796Z" },
    { url = "https://files.pythonhosted.org/packages/ae/f0/250f5985b6ee533e60d357571a808aaae03c54118294dc3db7158e27feb1/msgpack-1.2.2-cp314-cp314t-macosx_11_0_arm64.whl", hash = "sha256:1f6b6f8deb07d49090e1808c6ef9cb7d23ca17bef3aa6ed3e5e03df16606e60c", size = 87374, upload-time = "2026-08-27T10:02:59.256Z" },
    { url = "https://files.pythonhosted.org/packages/bd/2c/126ec8f187877c5f688631c543d1d3a3d75b2e66b83fb9de3ed7c13a39b6/msgpack-1.2.2-cp314-cp314t-manylinux2014_aarch64.manylinux_2_17_aarch64.manylinux_2_28_aarch64.whl", hash = "sha256:b542ffc0a5c531eedc40419f291f1bd659aa8d4223408a5b51c88a2796083fd3", size = 428157, upload-time = "2026-08-27T10:03:00.9Z" },
    { url = "https://files.pythonhosted.org/packages/95/21/d2d81d50aaedb14147d01f22094185794db3ad8a8791b60afacba0627c89/msgpack-1.2.2-cp314-cp314t-manylinux2014_x86_64.manylinux_2_17_x86_64.manylinux_2_28_x86_64.whl", hash = "sha256:7d095df2627e5dd59ac7b0c5ad627a671c76e6020171e03cbe4621a61f0562c3", size = 426669, upload-time = "2026-08-27T10:03:02.457Z" },
    { url = "https://files.pythonhosted.org/packages/c6/fc/f7d484ee5b572719608e7ffad569bea22ff11309a96ca2fae85eec94226b/msgpack-1.2.2-cp314-cp314t-manylinux_2_31_riscv64.manylinux_2_39_riscv64.whl", hash = "sha256:ffdd2f4950daf7815490f23087963e3420175b9609520b7ff5df64d351159c22", size = 380625, upload-time = "2026-08-27T10:03:04.244Z" },
    { url = "https://files.pythonhosted.org/packages/0a/c4/b924cbd5516676f4e612329f18602a833bd055ffbe27f808eeba0f01bfea/msgpack-1.2.2-cp314-cp314t-musllinux_1_2_aarch64.whl", hash = "sha256:652d1bf13d01bac8fd569def0fe76745e55bcda01e30aa6332d5947ea3788839", size = 411328, upload-time = "2026-08-27T10:03:05.869Z" },
    { url = "https://files.pythonhosted.org/packages/27/9d/0c1d9683a951a80f270c3b7dac1022c18b9307617344dd44d904135d5e12/msgpack-1.2.2-cp314-cp314t-musllinux_1_2_riscv64.whl", hash = "sha256:9bf452ff4d4981f25a18e9476e002bcc9263e7928024aa4d7148e25f7be3f929", size = 377892, upload-time = "2026-08-27T10:03:07.37Z" },
    { url = "https://files.pythonhosted.org/packages/06/bb/bf22338cdd22e0b40c8f28468cea5f3d9c320244c095d8303364bc012c41/msgpack-1.2.2-cp314-cp314t-musllinux_1_2_x86_64.whl", hash = "sha256:55faa6f8395e23b848c535ad5dcb96b3462f37f5e7f4ac500d500434f7345da7", size = 419426, upload-time = "2026-08-27T10:03:09Z" },
    { url = "https://files.pythonhosted.org/packages/7d/42/6d02c19a01abd8d7ce817c321d2ee6af1a8e24d584dca619d1b6576a83bf/msgpack-1.2.2-cp314-cp314t-win32.whl", hash = "sha256:419a45c67a5c04213172a14b1864657e014665b77d7081b107a51707923dd39e", size = 71810, upload-time = "2026-08-27T10:03:10.498Z" },
    { url = "https://files.pythonhosted.org/packages/af/df/fda3a204415dab0a8c0db5461ef7205416ea52bd8581c5cafd361be07f3b/msgpack-1.2.2-cp314-cp314t-win_amd64.whl", hash = "sha256:935b1cfad9b908b0fa845010f4271df4c2f04e1cd26e3f18acd61a45f93c9e36", size = 78919, upload-time = "2026-08-27T10:03:12.016Z" },
    { url = "https://files.pythonhosted.org/packages/63/d4/4b4b0ef25a86deca91feaf7252ca885ba4f2ada40461379120122a04fe96/msgpack-1.2.2-cp314-cp314t-win_arm64.whl", hash = "sha256:11e8c421e117d1c36728b423d0402555cccbf0c6f53e288f0e75b6b12100d70f", size = 71925, upload-time = "2026-08-27T10:03:13.332Z" },
    { url = "https://files.pythonhosted.org/packages/3b/92/4b44bc8f3243ef8cf9cb5368c17a299d45b9df858f6dfdd98a0482dbbb37/msgpack-1.2.2-cp315-cp315-macosx_10_15_x86_64.whl", hash = "sha256:e1b99ad34613d5f8477fa5cf99bc4eaeaf27965588007c102370cd9a78fe9de5", size = 84293, upload-time = "2026-08-27T10:03:14.718Z" },
    { url = "https://files.pythonhosted.org/packages/80/05/c992bb65744665a41b5bf531fc0e1619bae0901f57738228ded90023c151/msgpack-1.2.2-cp315-cp315-macosx_11_0_arm64.whl", hash = "sha256:0fbc1bed8a535389b41882cfae66376e248cd1680eaa94fd83193c73e1d24986", size = 84490, upload-time = "2026-08-27T10:03:16.12Z" },
    { url = "https://files.pythonhosted.org/packages/d7/bf/7f53b9e6709a4df7f9b9b81dc65f9dfaa32caf65bee94986ec2cb8fa07f1/msgpack-1.2.2-cp315-cp315-manylinux2014_aarch64.manylinux_2_17_aarch64.manylinux_2_28_aarch64.whl", hash = "sha256:06d95f61de7afe4f4ff908a6feebfcb070d0582ac87c9cf3cedf8551cf634516", size = 405332, upload-time = "2026-08-27T10:03:17.692Z" },
    { url = "https://files.pythonhosted.org/packages/d2/5a/305c4dca14b50d0b51fb88ef04ec125b8f0be3e2ce730dcc62dbaa651cc5/msgpack-1.2.2-cp315-cp315-manylinux2014_x86_64.manylinux_2_17_x86_64.manylinux_2_28_x86_64.whl", hash = "sha256:b5c696ae7cd7166b3657261adb855b461ff31f07823fdbae9de8bf80adfccc21", size = 416798, upload-time = "2026-08-27T10:03:19.389Z" },
    { url = "https://files.pythonhosted.org/packages/7a/df/a645102b4cdfd9a94201cac4e900e9c1429fc16d86aa311c06eef82528c9/msgpack-1.2.2-cp315-cp315-manylinux_2_31_riscv64.manylinux_2_39_riscv64.whl", hash = "sha256:0708afbf6a9587f0bfe479a9825c141d14d91e2f6a5c8103cf28bc96f4edb5d9", size = 377312, upload-time = "2026-08-27T10:03:20.928Z" },
    { url = "https://files.pythonhosted.org/packages/f4/26/c56d8d086d3fb1077bb48092b158b5ea2eee08b279e10c191275f13bc980/msgpack-1.2.2-cp315-cp315-musllinux_1_2_aarch64.whl", hash = "sha256:226a62ffe99fe54c5c61d910ec64c3449b7766c3280bd286bf6c94838dde239a", size = 395182, upload-time = "2026-08-27T10:03:22.571Z" },
    { url = "https://files.pythonhosted.org/packages/4d/b5/3d46ba367a565e536d8d2a61eebcee71b1dc803da3ce74a22313b573d6fa/msgpack-1.2.2-cp315-cp315-musllinux_1_2_riscv64.whl", hash = "sha256:9fd7f32e2f0fb334e7ecc5adb5cf0458785bd3a9d9d86f950e1715f101cebce5", size = 377945, upload-time = "2026-08-27T10:03:24.151Z" },
    { url = "https://files.pythonhosted.org/packages/a5/2c/d5d2df273ed5306357da25b69400fd8d7a53c4d87d8976604b677484d61c/msgpack-1.2.2-cp315-cp315-musllinux_1_2_x86_64.whl", hash = "sha256:9db1ba1c1e6a84245a9dd866265b56b8a1e9461549cc72ed296d8cbfbd32961b", size = 413341, upload-time = "2026-08-27T10:03:25.85Z" },
    { url = "https://files.pythonhosted.org/packages/1b/fb/32613bced3cad47b40b1b73dd04d687121349d83f748efc2575929121903/msgpack-1.2.2-cp315-cp315-win32.whl", hash = "sha256:e2eb7ea0ac3911a7aac9d8aaa36d40f216d99455b3274cd3fac38181bcd910cf", size = 66730, upload-time = "2026-08-27T10:03:27.294Z" },
    { url = "https://files.pythonhosted.org/packages/74/56/d86171f7251015e9312e5a7f9fdd4cf89752fc2114b88fed453d2a040c66/msgpack-1.2.2-cp315-cp315-win_amd64.whl", hash = "sha256:9352e6cdb510a7b1a5d3ccaccec730e82e50cf3484a3af7bdaab19e23b9589ff", size = 73477, upload-time = "2026-08-27T10:03:28.615Z" },
    { url = "https://files.pythonhosted.org/packages/13/1a/56b90f6defef61700b86baca3637c15f62ac0f9b21ab0f16613ab9d1f101/msgpack-1.2.2-cp315-cp315-win_arm64.whl", hash = "sha256:29cc2d5291711a52956a79a51f41c732329df39ad727c886bd8f0b5b9237a808", size = 67660, upload-time = "2026-08-27T10:03:29.895Z" },
    { url = "https://files.pythonhosted.org/packages/cd/20/12751ca0d8ec874701b54c392c2b19f51af8dd1de40a92a10e356f0aaf58/msgpack-1.2.2-cp315-cp315t-macosx_10_15_x86_64.whl", hash = "sha256:d886baa46b2532135e7320067e6a44edb09ba5883a6096b0f9c044533984b8a8", size = 86462, upload-time = "2026-08-27T10:03:31.348Z" },
    { url = "https://files.pythonhosted.org/packages/91/4c/cf6d12a3d709fe5f9771dd917c35e6ebcd55597a5b792287382fde056c95/msgpack-1.2.2-cp315-cp315t-macosx_11_0_arm64.whl", hash = "sha256:53679573c75cce5f82359e0bd4e6a97809a6b9a9b7a48fd1ba592f4a82cddc84", size = 87412, upload-time = "2026-08-27T10:03:32.74Z" },
    { url = "https://files.pythonhosted.org/packages/ca/0d/0aac5752d1708dcb458f8754db34a4999514db3df2d2b798b9381293f638/msgpack-1.2.2-cp315-cp315t-manylinux2014_aarch64.manylinux_2_17_aarch64.manylinux_2_28_aarch64.whl", hash = "sha256:d3c247d457ae9079974c7ce3c665396754a6d2baff7eaa51332212a8a5a3f13b", size = 422057, upload-time = "2026-08-27T10:03:34.124Z" },
    { url = "https://files.pythonhosted.org/packages/81/30/70f281a3685b04aaf235a5237da11b978a02a865a5a479186205177ad676/msgpack-1.2.2-cp315-cp315t-manylinux2014_x86_64.manylinux_2_17_x86_64.manylinux_2_28_x86_64.whl", hash = "sha256:352ed831042549cca8be23780e1fe7c9177e65ff02bf183509c4b4d33f671782", size = 422696, upload-time = "2026-08-27T10:03:35.862Z" },
    { url = "https://files.pythonhosted.org/packages/8a/6d/f76e8425efb0aa38988cd778ae290bfa120491d80d26872d88bb52fedb3f/msgpack-1.2.2-cp315-cp315t-manylinux_2_31_riscv64.manylinux_2_39_riscv64.whl", hash = "sha256:f80361592c13d7226b4379c8941529b63fe1a9d0e05d2de8f3306b70e522b53f", size = 376495, upload-time = "2026-08-27T10:03:37.339Z" },
    { url = "https://files.pythonhosted.org/packages/95/77/0809aa9b52b2868f7d01862dc14073708f0440421a65197b48453480034c/msgpack-1.2.2-cp315-cp315t-musllinux_1_2_aarch64.whl", hash = "sha256:68df2947921d449f6dcfeafd86cb2cdde13327a8b447534bbe4ee5aaf32a5695", size = 404683, upload-time = "2026-08-27T10:03:38.87Z" },
    { url = "https://files.pythonhosted.org/packages/02/d2/4e5ac915ba120172d210ef00165c5e6276c8a65db3a4a5cf36e946b83e23/msgpack-1.2.2-cp315-cp315t-musllinux_1_2_riscv64.whl", hash = "sha256:51dd39d23cfdea0400ed3ff2d29d1e83bd951d3aea79dc89be5b701a09edfe23", size = 375087, upload-time = "2026-08-27T10:03:40.486Z" },
    { url = "https://files.pythonhosted.org/packages/cb/e3/8051d53e5495c87c6cf27eb42fb680361017037f87f322bdaf525f71e4a2/msgpack-1.2.2-cp315-cp315t-musllinux_1_2_x86_64.whl", hash = "sha256:b13b59e66f107cca1ba708dd5307179870ca1b15b19fcee7ccf722e5308d9212", size = 414421, upload-time = "2026-08-27T10:03:42.308Z" },
    { url = "https://files.pythonhosted.org/packages/ba/4e/13783aa7c17414d7186c72c49bc718366f75e49f0ea58d4f81cb63ac3187/msgpack-1.2.2-cp315-cp315t-win32.whl", hash = "sha256:8c6321a414f8b4a8dc43976b2fa8349156434ca9adedd9a187b796f7e1d3d3fc", size = 71790, upload-time = "2026-08-27T10:03:43.715Z" },
    { url = "https://files.pythonhosted.org/packages/5e/9d/1d02994c7ae2603c98100984428ff0f67443572133bc18eca6058f732c1b/msgpack-1.2.2-cp315-cp315t-win_amd64.whl", hash = "sha256:6f53285f20d592ed309ee19e509cc4c77a3bda1db02ad67e8a0949bb227a5a6d", size = 78766, upload-time = "2026-08-27T10:03:45.036Z" },
    { url = "https://files.pythonhosted.org/packages/60/54/89ed16e6f966a050dc78b0e94a545025211b07ce9f4bdfe07dff70c03fc2/msgpack-1.2.2-cp315-cp315t-win_arm64.whl", hash = "sha256:a378e12ccc06d76efde115caf4073b7e5ff3cc18291d1341f9e65fb882e3f754", size = 71819, upload-time = "2026-08-27T10:03:46.375Z" },
]

[[package]]
name = "proxima"
version = "0.0.0"
source = { editable = "." }
dependencies = [
    { name = "dotenv" },
    { name = "hishel", extra = ["httpx"] },
    { name = "httpx" },
    { name = "rich" },
    { name = "typer" },
]

[package.metadata]
requires-dist = [
    { name = "dotenv", specifier = ">=0.9.9" },
    { name = "hishel", extras = ["httpx"], specifier = ">=1.3.1" },
    { name = "httpx", specifier = ">=0.28.1" },
    { name = "rich", specifier = ">=15" },
    { name = "typer", specifier = ">=0.27.2" },
]

[[package]]
name = "pygments"
version = "2.21.0"
source = { registry = "https://pypi.org/simple" }
sdist = { url = "https://files.pythonhosted.org/packages/49/2e/ced460408999b33da6b31b0021b0f37d329e202d4169aeb164493778f25b/pygments-2.21.0.tar.gz", hash = "sha256:610ca751c9bc2492b38eb9a38a7fbc93edbbb2d7182edaf34e66ae493dee5c8c", size = 5005329, upload-time = "2026-08-17T08:02:48.824Z" }
wheels = [
    { url = "https://files.pythonhosted.org/packages/71/46/17f022dd3e953bf20a04a028a21ec746d942f8d2af30fa0f124fa0e6a684/pygments-2.21.0-py3-none-any.whl", hash = "sha256:2363c69b61c4a97c838da3b130dcd6468f4848992b21a82f2a63ec34377137d9", size = 1250147, upload-time = "2026-08-17T08:02:44.912Z" },
]

[[package]]
name = "python-dotenv"
version = "1.2.3"
source = { registry = "https://pypi.org/simple" }
sdist = { url = "https://files.pythonhosted.org/packages/6a/53/ed9d74092561d4b01a2ef1349d52cdbc135e526c245f366b089cfca6de49/python_dotenv-1.2.3.tar.gz", hash = "sha256:a20a594dabeaa385725aa239d5244871c143ecb356add8a20fcf23773a6c3a35", size = 58945, upload-time = "2026-08-16T16:54:54.067Z" }
wheels = [
    { url = "https://files.pythonhosted.org/packages/0d/17/c5c6b53ddc18f297992099b3d9ec16c855c0ccc83263a21fe4d1c625ec6c/python_dotenv-1.2.3-py3-none-any.whl", hash = "sha256:904552145e8bfed22162c09dab1c2b9b54fefa7b23ba780f4f26ca0316b0f0d9", size = 22780, upload-time = "2026-08-16T16:54:52.473Z" },
]

[[package]]
name = "rich"
version = "15.0.0"
source = { registry = "https://pypi.org/simple" }
dependencies = [
    { name = "markdown-it-py" },
    { name = "pygments" },
]
sdist = { url = "https://files.pythonhosted.org/packages/c0/8f/0722ca900cc807c13a6a0c696dacf35430f72e0ec571c4275d2371fca3e9/rich-15.0.0.tar.gz", hash = "sha256:edd07a4824c6b40189fb7ac9bc4c52536e9780fbbfbddf6f1e2502c31b068c36", size = 230680, upload-time = "2026-04-12T08:24:00.75Z" }
wheels = [
    { url = "https://files.pythonhosted.org/packages/82/3b/64d4899d73f91ba49a8c18a8ff3f0ea8f1c1d75481760df8c68ef5235bf5/rich-15.0.0-py3-none-any.whl", hash = "sha256:33bd4ef74232fb73fe9279a257718407f169c09b78a87ad3d296f548e27de0bb", size = 310654, upload-time = "2026-04-12T08:24:02.83Z" },
]

[[package]]
name = "shellingham"
version = "1.5.4"
source = { registry = "https://pypi.org/simple" }
sdist = { url = "https://files.pythonhosted.org/packages/58/15/8b3609fd3830ef7b27b655beb4b4e9c62313a4e8da8c676e142cc210d58e/shellingham-1.5.4.tar.gz", hash = "sha256:8dbca0739d487e5bd35ab3ca4b36e11c4078f3a234bfce294b0a0291363404de", size = 10310, upload-time = "2023-10-24T04:13:40.426Z" }
wheels = [
    { url = "https://files.pythonhosted.org/packages/e0/f9/0595336914c5619e5f28a1fb793285925a8cd4b432c9da0a987836c7f822/shellingham-1.5.4-py2.py3-none-any.whl", hash = "sha256:7ecfff8f2fd72616f7481040475a65b2bf8af90a56c89140852d1120324e8686", size = 9755, upload-time = "2023-10-24T04:13:38.866Z" },
]

[[package]]
name = "typer"
version = "0.27.2"
source = { registry = "https://pypi.org/simple" }
dependencies = [
    { name = "annotated-doc" },
    { name = "colorama", marker = "sys_platform == 'win32'" },
    { name = "rich" },
    { name = "shellingham" },
]
sdist = { url = "https://files.pythonhosted.org/packages/16/f7/57713ba479fd405eb76de31404b2c744c289e336b2d999511ebf51e496f7/typer-0.27.2.tar.gz", hash = "sha256:269b7eb9d3c202ca84b4bc9618cb04ebb43d3d4d1e567e4c768607232c05f945", size = 204045, upload-time = "2026-08-28T10:26:55.046Z" }
wheels = [
    { url = "https://files.pythonhosted.org/packages/dc/bf/205d0004930ede8f542fb58f601526fccf4ae7626075ca1e6c4de5d3d652/typer-0.27.2-py3-none-any.whl", hash = "sha256:b3a5fc4342d5fc8fda8fc3010b1cf117e9249aab7fae800c2eff62fd3842d97d", size = 123130, upload-time = "2026-08-28T10:26:53.752Z" },
]

[[package]]
name = "typing-extensions"
version = "4.16.0"
source = { registry = "https://pypi.org/simple" }
sdist = { url = "https://files.pythonhosted.org/packages/f6/cc/6253133b5bb138fc3306cebfbda2c520f545d36b5be2c7255cc528bb45d6/typing_extensions-4.16.0.tar.gz", hash = "sha256:dc983d19a509c94dba722ee6abd33940f7c05a89e243c47e907eb4db6f1a43e5", size = 113555, upload-time = "2026-07-02T08:40:05.92Z" }
wheels = [
    { url = "https://files.pythonhosted.org/packages/49/d3/b8441a820a491ddfc024b0b0cf0393375b75ea13866d9c66727e54c2fc80/typing_extensions-4.16.0-py3-none-any.whl", hash = "sha256:481caa481374e813c1b176ada14e97f1f67a4539ce9cfeb3f350d78d6370c2e8", size = 45571, upload-time = "2026-07-02T08:40:04.659Z" },
]
